
Microsoft Visual Studio Solution File, Format Version 12.00
# Visual Studio 15
VisualStudioVersion = 15.0.28307.489
MinimumVisualStudioVersion = 10.0.40219.1
Project("{FAE04EC0-301F-11D3-BF4B-00C04F79EFBC}") = "NeuralNetworks", "NeuralNetworks\NeuralNetworks.csproj", "{C02BD569-06E4-4334-B654-B0D004C80950}"
EndProject
Project("{FAE04EC0-301F-11D3-BF4B-00C04F79EFBC}") = "Testing", "Testing\Testing.csproj", "{09E0AEA5-B02C-4C94-8F02-2F8BF928EA6C}"
EndProject
Global
	GlobalSection(SolutionConfigurationPlatforms) = preSolution
		Debug|Any CPU = Debug|Any CPU
		Release|Any CPU = Release|Any CPU
	EndGlobalSection
	GlobalSection(ProjectConfigurationPlatforms) = postSolution
		{C02BD569-06E4-4334-B654-B0D004C80950}.Debug|Any CPU.ActiveCfg = Debug|Any CPU
		{C02BD569-06E4-4334-B654-B0D004C80950}.Debug|Any CPU.Build.0 = Debug|Any CPU
		{C02BD569-06E4-4334-B654-B0D004C80950}.Release|Any CPU.ActiveCfg = Release|Any CPU
		{C02BD569-06E4-4334-B654-B0D004C80950}.Release|Any CPU.Build.0 = Release|Any CPU
		{09E0AEA5-B02C-4C94-8F02-2F8BF928EA6C}.Debug|Any CPU.ActiveCfg = Debug|Any CPU
		{09E0AEA5-B02C-4C94-8F02-2F8BF928EA6C}.Debug|Any CPU.Build.0 = Debug|Any CPU
		{09E0AEA5-B02C-4C94-8F02-2F8BF928EA6C}.Release|Any CPU.ActiveCfg = Release|Any CPU
		{09E0AEA5-B02C-4C94-8F02-2F8BF928EA6C}.Release|Any CPU.Build.0 = Release|Any CPU
	EndGlobalSection
	GlobalSection(SolutionProperties) = preSolution
		HideSolutionNode = FALSE
	EndGlobalSection
	GlobalSection(ExtensibilityGlobals) = postSolution
		SolutionGuid = {C043AAB2-599D-43FC-9D44-167CB0D8C77D}
	EndGlobalSection
EndGlobal
