
Microsoft Visual Studio Solution File, Format Version 12.00
Project("{FAE04EC0-301F-11D3-BF4B-00C04F79EFBC}") = "NeuralNetworks", "NeuralNetworks\NeuralNetworks.csproj", "{9F409F3E-AF14-46C3-8F2B-2CAF8BDD76DB}"
EndProject
Project("{FAE04EC0-301F-11D3-BF4B-00C04F79EFBC}") = "Testing", "Testing\Testing.csproj", "{83994A8B-FF51-4F5B-8130-BF7401CCCEE3}"
EndProject
Project("{FAE04EC0-301F-11D3-BF4B-00C04F79EFBC}") = "DataUtils", "DataUtils\DataUtils.csproj", "{17BBCFF3-BBCC-4A14-BC81-DA44CACA03A3}"
EndProject
Project("{FAE04EC0-301F-11D3-BF4B-00C04F79EFBC}") = "ServerHost", "ServerHost\ServerHost.csproj", "{6F01D5F3-FA2B-47E4-BFC7-3133771AE12E}"
EndProject
Global
	GlobalSection(SolutionConfigurationPlatforms) = preSolution
		Debug|Any CPU = Debug|Any CPU
		Release|Any CPU = Release|Any CPU
	EndGlobalSection
	GlobalSection(ProjectConfigurationPlatforms) = postSolution
		{9F409F3E-AF14-46C3-8F2B-2CAF8BDD76DB}.Debug|Any CPU.ActiveCfg = Debug|Any CPU
		{9F409F3E-AF14-46C3-8F2B-2CAF8BDD76DB}.Debug|Any CPU.Build.0 = Debug|Any CPU
		{9F409F3E-AF14-46C3-8F2B-2CAF8BDD76DB}.Release|Any CPU.ActiveCfg = Release|Any CPU
		{9F409F3E-AF14-46C3-8F2B-2CAF8BDD76DB}.Release|Any CPU.Build.0 = Release|Any CPU
		{83994A8B-FF51-4F5B-8130-BF7401CCCEE3}.Debug|Any CPU.ActiveCfg = Debug|Any CPU
		{83994A8B-FF51-4F5B-8130-BF7401CCCEE3}.Debug|Any CPU.Build.0 = Debug|Any CPU
		{83994A8B-FF51-4F5B-8130-BF7401CCCEE3}.Release|Any CPU.ActiveCfg = Release|Any CPU
		{83994A8B-FF51-4F5B-8130-BF7401CCCEE3}.Release|Any CPU.Build.0 = Release|Any CPU
		{17BBCFF3-BBCC-4A14-BC81-DA44CACA03A3}.Debug|Any CPU.ActiveCfg = Debug|Any CPU
		{17BBCFF3-BBCC-4A14-BC81-DA44CACA03A3}.Debug|Any CPU.Build.0 = Debug|Any CPU
		{17BBCFF3-BBCC-4A14-BC81-DA44CACA03A3}.Release|Any CPU.ActiveCfg = Release|Any CPU
		{17BBCFF3-BBCC-4A14-BC81-DA44CACA03A3}.Release|Any CPU.Build.0 = Release|Any CPU
		{6F01D5F3-FA2B-47E4-BFC7-3133771AE12E}.Debug|Any CPU.ActiveCfg = Debug|Any CPU
		{6F01D5F3-FA2B-47E4-BFC7-3133771AE12E}.Debug|Any CPU.Build.0 = Debug|Any CPU
		{6F01D5F3-FA2B-47E4-BFC7-3133771AE12E}.Release|Any CPU.ActiveCfg = Release|Any CPU
		{6F01D5F3-FA2B-47E4-BFC7-3133771AE12E}.Release|Any CPU.Build.0 = Release|Any CPU
	EndGlobalSection
EndGlobal
